
Microsoft Visual Studio Solution File, Format Version 12.00
# Visual Studio 15
VisualStudioVersion = 15.0.28307.102
MinimumVisualStudioVersion = 10.0.40219.1
Project("{FAE04EC0-301F-11D3-BF4B-00C04F79EFBC}") = "Xamarin.Forms.CarouselViewTest.Android", "Xamarin.Forms.CarouselViewTest\Xamarin.Forms.CarouselViewTest.Android\Xamarin.Forms.CarouselViewTest.Android.csproj", "{4E520D16-08C7-4714-9A5A-58FCBBD893C2}"
EndProject
Project("{FAE04EC0-301F-11D3-BF4B-00C04F79EFBC}") = "Xamarin.Forms.CarouselViewTest.iOS", "Xamarin.Forms.CarouselViewTest\Xamarin.Forms.CarouselViewTest.iOS\Xamarin.Forms.CarouselViewTest.iOS.csproj", "{431F6F4C-E190-40B7-84D1-6F90B870AB8F}"
EndProject
Project("{FAE04EC0-301F-11D3-BF4B-00C04F79EFBC}") = "Xamarin.Forms.CarouselViewTest", "Xamarin.Forms.CarouselViewTest\Xamarin.Forms.CarouselViewTest\Xamarin.Forms.CarouselViewTest.csproj", "{43CE6D36-2E10-465F-9C3B-D829C7D99709}"
EndProject
Global
	GlobalSection(SolutionConfigurationPlatforms) = preSolution
		Ad-Hoc|Any CPU = Ad-Hoc|Any CPU
		Ad-Hoc|iPhone = Ad-Hoc|iPhone
		Ad-Hoc|iPhoneSimulator = Ad-Hoc|iPhoneSimulator
		AppStore|Any CPU = AppStore|Any CPU
		AppStore|iPhone = AppStore|iPhone
		AppStore|iPhoneSimulator = AppStore|iPhoneSimulator
		Debug|Any CPU = Debug|Any CPU
		Debug|iPhone = Debug|iPhone
		Debug|iPhoneSimulator = Debug|iPhoneSimulator
		Release|Any CPU = Release|Any CPU
		Release|iPhone = Release|iPhone
		Release|iPhoneSimulator = Release|iPhoneSimulator
	EndGlobalSection
	GlobalSection(ProjectConfigurationPlatforms) = postSolution
		{4E520D16-08C7-4714-9A5A-58FCBBD893C2}.Ad-Hoc|Any CPU.ActiveCfg = Release|Any CPU
		{4E520D16-08C7-4714-9A5A-58FCBBD893C2}.Ad-Hoc|Any CPU.Build.0 = Release|Any CPU
		{4E520D16-08C7-4714-9A5A-58FCBBD893C2}.Ad-Hoc|Any CPU.Deploy.0 = Release|Any CPU
		{4E520D16-08C7-4714-9A5A-58FCBBD893C2}.Ad-Hoc|iPhone.ActiveCfg = Release|Any CPU
		{4E520D16-08C7-4714-9A5A-58FCBBD893C2}.Ad-Hoc|iPhone.Build.0 = Release|Any CPU
		{4E520D16-08C7-4714-9A5A-58FCBBD893C2}.Ad-Hoc|iPhone.Deploy.0 = Release|Any CPU
		{4E520D16-08C7-4714-9A5A-58FCBBD893C2}.Ad-Hoc|iPhoneSimulator.ActiveCfg = Release|Any CPU
		{4E520D16-08C7-4714-9A5A-58FCBBD893C2}.Ad-Hoc|iPhoneSimulator.Build.0 = Release|Any CPU
		{4E520D16-08C7-4714-9A5A-58FCBBD893C2}.Ad-Hoc|iPhoneSimulator.Deploy.0 = Release|Any CPU
		{4E520D16-08C7-4714-9A5A-58FCBBD893C2}.AppStore|Any CPU.ActiveCfg = Release|Any CPU
		{4E520D16-08C7-4714-9A5A-58FCBBD893C2}.AppStore|Any CPU.Build.0 = Release|Any CPU
		{4E520D16-08C7-4714-9A5A-58FCBBD893C2}.AppStore|Any CPU.Deploy.0 = Release|Any CPU
		{4E520D16-08C7-4714-9A5A-58FCBBD893C2}.AppStore|iPhone.ActiveCfg = Release|Any CPU
		{4E520D16-08C7-4714-9A5A-58FCBBD893C2}.AppStore|iPhone.Build.0 = Release|Any CPU
		{4E520D16-08C7-4714-9A5A-58FCBBD893C2}.AppStore|iPhone.Deploy.0 = Release|Any CPU
		{4E520D16-08C7-4714-9A5A-58FCBBD893C2}.AppStore|iPhoneSimulator.ActiveCfg = Release|Any CPU
		{4E520D16-08C7-4714-9A5A-58FCBBD893C2}.AppStore|iPhoneSimulator.Build.0 = Release|Any CPU
		{4E520D16-08C7-4714-9A5A-58FCBBD893C2}.AppStore|iPhoneSimulator.Deploy.0 = Release|Any CPU
		{4E520D16-08C7-4714-9A5A-58FCBBD893C2}.Debug|Any CPU.ActiveCfg = Debug|Any CPU
		{4E520D16-08C7-4714-9A5A-58FCBBD893C2}.Debug|Any CPU.Build.0 = Debug|Any CPU
		{4E520D16-08C7-4714-9A5A-58FCBBD893C2}.Debug|Any CPU.Deploy.0 = Debug|Any CPU
		{4E520D16-08C7-4714-9A5A-58FCBBD893C2}.Debug|iPhone.ActiveCfg = Debug|Any CPU
		{4E520D16-08C7-4714-9A5A-58FCBBD893C2}.Debug|iPhone.Build.0 = Debug|Any CPU
		{4E520D16-08C7-4714-9A5A-58FCBBD893C2}.Debug|iPhone.Deploy.0 = Debug|Any CPU
		{4E520D16-08C7-4714-9A5A-58FCBBD893C2}.Debug|iPhoneSimulator.ActiveCfg = Debug|Any CPU
		{4E520D16-08C7-4714-9A5A-58FCBBD893C2}.Debug|iPhoneSimulator.Build.0 = Debug|Any CPU
		{4E520D16-08C7-4714-9A5A-58FCBBD893C2}.Debug|iPhoneSimulator.Deploy.0 = Debug|Any CPU
		{4E520D16-08C7-4714-9A5A-58FCBBD893C2}.Release|Any CPU.ActiveCfg = Release|Any CPU
		{4E520D16-08C7-4714-9A5A-58FCBBD893C2}.Release|Any CPU.Build.0 = Release|Any CPU
		{4E520D16-08C7-4714-9A5A-58FCBBD893C2}.Release|Any CPU.Deploy.0 = Release|Any CPU
		{4E520D16-08C7-4714-9A5A-58FCBBD893C2}.Release|iPhone.ActiveCfg = Release|Any CPU
		{4E520D16-08C7-4714-9A5A-58FCBBD893C2}.Release|iPhone.Build.0 = Release|Any CPU
		{4E520D16-08C7-4714-9A5A-58FCBBD893C2}.Release|iPhone.Deploy.0 = Release|Any CPU
		{4E520D16-08C7-4714-9A5A-58FCBBD893C2}.Release|iPhoneSimulator.ActiveCfg = Release|Any CPU
		{4E520D16-08C7-4714-9A5A-58FCBBD893C2}.Release|iPhoneSimulator.Build.0 = Release|Any CPU
		{4E520D16-08C7-4714-9A5A-58FCBBD893C2}.Release|iPhoneSimulator.Deploy.0 = Release|Any CPU
		{431F6F4C-E190-40B7-84D1-6F90B870AB8F}.Ad-Hoc|Any CPU.ActiveCfg = Ad-Hoc|iPhone
		{431F6F4C-E190-40B7-84D1-6F90B870AB8F}.Ad-Hoc|Any CPU.Build.0 = Ad-Hoc|iPhone
		{431F6F4C-E190-40B7-84D1-6F90B870AB8F}.Ad-Hoc|Any CPU.Deploy.0 = Ad-Hoc|iPhone
		{431F6F4C-E190-40B7-84D1-6F90B870AB8F}.Ad-Hoc|iPhone.ActiveCfg = Ad-Hoc|iPhone
		{431F6F4C-E190-40B7-84D1-6F90B870AB8F}.Ad-Hoc|iPhone.Build.0 = Ad-Hoc|iPhone
		{431F6F4C-E190-40B7-84D1-6F90B870AB8F}.Ad-Hoc|iPhone.Deploy.0 = Ad-Hoc|iPhone
		{431F6F4C-E190-40B7-84D1-6F90B870AB8F}.Ad-Hoc|iPhoneSimulator.ActiveCfg = Ad-Hoc|iPhoneSimulator
		{431F6F4C-E190-40B7-84D1-6F90B870AB8F}.Ad-Hoc|iPhoneSimulator.Build.0 = Ad-Hoc|iPhoneSimulator
		{431F6F4C-E190-40B7-84D1-6F90B870AB8F}.Ad-Hoc|iPhoneSimulator.Deploy.0 = Ad-Hoc|iPhoneSimulator
		{431F6F4C-E190-40B7-84D1-6F90B870AB8F}.AppStore|Any CPU.ActiveCfg = AppStore|iPhone
		{431F6F4C-E190-40B7-84D1-6F90B870AB8F}.AppStore|Any CPU.Build.0 = AppStore|iPhone
		{431F6F4C-E190-40B7-84D1-6F90B870AB8F}.AppStore|Any CPU.Deploy.0 = AppStore|iPhone
		{431F6F4C-E190-40B7-84D1-6F90B870AB8F}.AppStore|iPhone.ActiveCfg = AppStore|iPhone
		{431F6F4C-E190-40B7-84D1-6F90B870AB8F}.AppStore|iPhone.Build.0 = AppStore|iPhone
		{431F6F4C-E190-40B7-84D1-6F90B870AB8F}.AppStore|iPhone.Deploy.0 = AppStore|iPhone
		{431F6F4C-E190-40B7-84D1-6F90B870AB8F}.AppStore|iPhoneSimulator.ActiveCfg = AppStore|iPhoneSimulator
		{431F6F4C-E190-40B7-84D1-6F90B870AB8F}.AppStore|iPhoneSimulator.Build.0 = AppStore|iPhoneSimulator
		{431F6F4C-E190-40B7-84D1-6F90B870AB8F}.AppStore|iPhoneSimulator.Deploy.0 = AppStore|iPhoneSimulator
		{431F6F4C-E190-40B7-84D1-6F90B870AB8F}.Debug|Any CPU.ActiveCfg = Debug|iPhoneSimulator
		{431F6F4C-E190-40B7-84D1-6F90B870AB8F}.Debug|Any CPU.Build.0 = Debug|iPhoneSimulator
		{431F6F4C-E190-40B7-84D1-6F90B870AB8F}.Debug|Any CPU.Deploy.0 = Debug|iPhoneSimulator
		{431F6F4C-E190-40B7-84D1-6F90B870AB8F}.Debug|iPhone.ActiveCfg = Debug|iPhone
		{431F6F4C-E190-40B7-84D1-6F90B870AB8F}.Debug|iPhone.Build.0 = Debug|iPhone
		{431F6F4C-E190-40B7-84D1-6F90B870AB8F}.Debug|iPhone.Deploy.0 = Debug|iPhone
		{431F6F4C-E190-40B7-84D1-6F90B870AB8F}.Debug|iPhoneSimulator.ActiveCfg = Debug|iPhoneSimulator
		{431F6F4C-E190-40B7-84D1-6F90B870AB8F}.Debug|iPhoneSimulator.Build.0 = Debug|iPhoneSimulator
		{431F6F4C-E190-40B7-84D1-6F90B870AB8F}.Debug|iPhoneSimulator.Deploy.0 = Debug|iPhoneSimulator
		{431F6F4C-E190-40B7-84D1-6F90B870AB8F}.Release|Any CPU.ActiveCfg = Release|iPhone
		{431F6F4C-E190-40B7-84D1-6F90B870AB8F}.Release|Any CPU.Build.0 = Release|iPhone
		{431F6F4C-E190-40B7-84D1-6F90B870AB8F}.Release|Any CPU.Deploy.0 = Release|iPhone
		{431F6F4C-E190-40B7-84D1-6F90B870AB8F}.Release|iPhone.ActiveCfg = Release|iPhone
		{431F6F4C-E190-40B7-84D1-6F90B870AB8F}.Release|iPhone.Build.0 = Release|iPhone
		{431F6F4C-E190-40B7-84D1-6F90B870AB8F}.Release|iPhone.Deploy.0 = Release|iPhone
		{431F6F4C-E190-40B7-84D1-6F90B870AB8F}.Release|iPhoneSimulator.ActiveCfg = Release|iPhoneSimulator
		{431F6F4C-E190-40B7-84D1-6F90B870AB8F}.Release|iPhoneSimulator.Build.0 = Release|iPhoneSimulator
		{431F6F4C-E190-40B7-84D1-6F90B870AB8F}.Release|iPhoneSimulator.Deploy.0 = Release|iPhoneSimulator
		{43CE6D36-2E10-465F-9C3B-D829C7D99709}.Ad-Hoc|Any CPU.ActiveCfg = Debug|Any CPU
		{43CE6D36-2E10-465F-9C3B-D829C7D99709}.Ad-Hoc|Any CPU.Build.0 = Debug|Any CPU
		{43CE6D36-2E10-465F-9C3B-D829C7D99709}.Ad-Hoc|Any CPU.Deploy.0 = Debug|Any CPU
		{43CE6D36-2E10-465F-9C3B-D829C7D99709}.Ad-Hoc|iPhone.ActiveCfg = Debug|Any CPU
		{43CE6D36-2E10-465F-9C3B-D829C7D99709}.Ad-Hoc|iPhone.Build.0 = Debug|Any CPU
		{43CE6D36-2E10-465F-9C3B-D829C7D99709}.Ad-Hoc|iPhone.Deploy.0 = Debug|Any CPU
		{43CE6D36-2E10-465F-9C3B-D829C7D99709}.Ad-Hoc|iPhoneSimulator.ActiveCfg = Debug|Any CPU
		{43CE6D36-2E10-465F-9C3B-D829C7D99709}.Ad-Hoc|iPhoneSimulator.Build.0 = Debug|Any CPU
		{43CE6D36-2E10-465F-9C3B-D829C7D99709}.Ad-Hoc|iPhoneSimulator.Deploy.0 = Debug|Any CPU
		{43CE6D36-2E10-465F-9C3B-D829C7D99709}.AppStore|Any CPU.ActiveCfg = Debug|Any CPU
		{43CE6D36-2E10-465F-9C3B-D829C7D99709}.AppStore|Any CPU.Build.0 = Debug|Any CPU
		{43CE6D36-2E10-465F-9C3B-D829C7D99709}.AppStore|Any CPU.Deploy.0 = Debug|Any CPU
		{43CE6D36-2E10-465F-9C3B-D829C7D99709}.AppStore|iPhone.ActiveCfg = Debug|Any CPU
		{43CE6D36-2E10-465F-9C3B-D829C7D99709}.AppStore|iPhone.Build.0 = Debug|Any CPU
		{43CE6D36-2E10-465F-9C3B-D829C7D99709}.AppStore|iPhone.Deploy.0 = Debug|Any CPU
		{43CE6D36-2E10-465F-9C3B-D829C7D99709}.AppStore|iPhoneSimulator.ActiveCfg = Debug|Any CPU
		{43CE6D36-2E10-465F-9C3B-D829C7D99709}.AppStore|iPhoneSimulator.Build.0 = Debug|Any CPU
		{43CE6D36-2E10-465F-9C3B-D829C7D99709}.AppStore|iPhoneSimulator.Deploy.0 = Debug|Any CPU
		{43CE6D36-2E10-465F-9C3B-D829C7D99709}.Debug|Any CPU.ActiveCfg = Debug|Any CPU
		{43CE6D36-2E10-465F-9C3B-D829C7D99709}.Debug|Any CPU.Build.0 = Debug|Any CPU
		{43CE6D36-2E10-465F-9C3B-D829C7D99709}.Debug|Any CPU.Deploy.0 = Debug|Any CPU
		{43CE6D36-2E10-465F-9C3B-D829C7D99709}.Debug|iPhone.ActiveCfg = Debug|Any CPU
		{43CE6D36-2E10-465F-9C3B-D829C7D99709}.Debug|iPhone.Build.0 = Debug|Any CPU
		{43CE6D36-2E10-465F-9C3B-D829C7D99709}.Debug|iPhone.Deploy.0 = Debug|Any CPU
		{43CE6D36-2E10-465F-9C3B-D829C7D99709}.Debug|iPhoneSimulator.ActiveCfg = Debug|Any CPU
		{43CE6D36-2E10-465F-9C3B-D829C7D99709}.Debug|iPhoneSimulator.Build.0 = Debug|Any CPU
		{43CE6D36-2E10-465F-9C3B-D829C7D99709}.Debug|iPhoneSimulator.Deploy.0 = Debug|Any CPU
		{43CE6D36-2E10-465F-9C3B-D829C7D99709}.Release|Any CPU.ActiveCfg = Release|Any CPU
		{43CE6D36-2E10-465F-9C3B-D829C7D99709}.Release|Any CPU.Build.0 = Release|Any CPU
		{43CE6D36-2E10-465F-9C3B-D829C7D99709}.Release|Any CPU.Deploy.0 = Release|Any CPU
		{43CE6D36-2E10-465F-9C3B-D829C7D99709}.Release|iPhone.ActiveCfg = Release|Any CPU
		{43CE6D36-2E10-465F-9C3B-D829C7D99709}.Release|iPhone.Build.0 = Release|Any CPU
		{43CE6D36-2E10-465F-9C3B-D829C7D99709}.Release|iPhone.Deploy.0 = Release|Any CPU
		{43CE6D36-2E10-465F-9C3B-D829C7D99709}.Release|iPhoneSimulator.ActiveCfg = Release|Any CPU
		{43CE6D36-2E10-465F-9C3B-D829C7D99709}.Release|iPhoneSimulator.Build.0 = Release|Any CPU
		{43CE6D36-2E10-465F-9C3B-D829C7D99709}.Release|iPhoneSimulator.Deploy.0 = Release|Any CPU
	EndGlobalSection
	GlobalSection(SolutionProperties) = preSolution
		HideSolutionNode = FALSE
	EndGlobalSection
	GlobalSection(ExtensibilityGlobals) = postSolution
		SolutionGuid = {1D65089E-F6C8-4C95-B1C9-F40746F39E02}
	EndGlobalSection
EndGlobal
